
Microsoft Visual Studio Solution File, Format Version 12.00
# Visual Studio 14
VisualStudioVersion = 14.0.25420.1
MinimumVisualStudioVersion = 10.0.40219.1
Project("{FAE04EC0-301F-11D3-BF4B-00C04F79EFBC}") = "BUS_QLKS", "BUS_QLKS\BUS_QLKS.csproj", "{BECFCCBA-6C12-4FCA-B4EB-AF4F567CC55A}"
EndProject
Project("{FAE04EC0-301F-11D3-BF4B-00C04F79EFBC}") = "DAL_QLKS", "DAL_QLKS\DAL_QLKS.csproj", "{A5D7DDC4-1A72-453B-9387-19D2CF79C9E4}"
EndProject
Project("{FAE04EC0-301F-11D3-BF4B-00C04F79EFBC}") = "DTO_QLKS", "DTO_QLKS\DTO_QLKS.csproj", "{326F9499-8786-43F6-9F32-04E83B9CBA73}"
EndProject
Project("{FAE04EC0-301F-11D3-BF4B-00C04F79EFBC}") = "GUI_QLKS", "GUI_QLKS\GUI_QLKS.csproj", "{375CCC77-6BC3-4233-A60A-CEB75C95EBFE}"
EndProject
Global
	GlobalSection(SolutionConfigurationPlatforms) = preSolution
		Debug|Any CPU = Debug|Any CPU
		Release|Any CPU = Release|Any CPU
	EndGlobalSection
	GlobalSection(ProjectConfigurationPlatforms) = postSolution
		{BECFCCBA-6C12-4FCA-B4EB-AF4F567CC55A}.Debug|Any CPU.ActiveCfg = Debug|Any CPU
		{BECFCCBA-6C12-4FCA-B4EB-AF4F567CC55A}.Debug|Any CPU.Build.0 = Debug|Any CPU
		{BECFCCBA-6C12-4FCA-B4EB-AF4F567CC55A}.Release|Any CPU.ActiveCfg = Release|Any CPU
		{BECFCCBA-6C12-4FCA-B4EB-AF4F567CC55A}.Release|Any CPU.Build.0 = Release|Any CPU
		{A5D7DDC4-1A72-453B-9387-19D2CF79C9E4}.Debug|Any CPU.ActiveCfg = Debug|Any CPU
		{A5D7DDC4-1A72-453B-9387-19D2CF79C9E4}.Debug|Any CPU.Build.0 = Debug|Any CPU
		{A5D7DDC4-1A72-453B-9387-19D2CF79C9E4}.Release|Any CPU.ActiveCfg = Release|Any CPU
		{A5D7DDC4-1A72-453B-9387-19D2CF79C9E4}.Release|Any CPU.Build.0 = Release|Any CPU
		{326F9499-8786-43F6-9F32-04E83B9CBA73}.Debug|Any CPU.ActiveCfg = Debug|Any CPU
		{326F9499-8786-43F6-9F32-04E83B9CBA73}.Debug|Any CPU.Build.0 = Debug|Any CPU
		{326F9499-8786-43F6-9F32-04E83B9CBA73}.Release|Any CPU.ActiveCfg = Release|Any CPU
		{326F9499-8786-43F6-9F32-04E83B9CBA73}.Release|Any CPU.Build.0 = Release|Any CPU
		{375CCC77-6BC3-4233-A60A-CEB75C95EBFE}.Debug|Any CPU.ActiveCfg = Debug|Any CPU
		{375CCC77-6BC3-4233-A60A-CEB75C95EBFE}.Debug|Any CPU.Build.0 = Debug|Any CPU
		{375CCC77-6BC3-4233-A60A-CEB75C95EBFE}.Release|Any CPU.ActiveCfg = Release|Any CPU
		{375CCC77-6BC3-4233-A60A-CEB75C95EBFE}.Release|Any CPU.Build.0 = Release|Any CPU
	EndGlobalSection
	GlobalSection(SolutionProperties) = preSolution
		HideSolutionNode = FALSE
	EndGlobalSection
EndGlobal
